
Microsoft Visual Studio Solution File, Format Version 12.00
# Visual Studio 15
VisualStudioVersion = 15.0.28307.645
MinimumVisualStudioVersion = 10.0.40219.1
Project("{FAE04EC0-301F-11D3-BF4B-00C04F79EFBC}") = "LeetCodeAnswer", "LeetCodeAnswer\LeetCodeAnswer.csproj", "{E0C1E940-C432-42D1-8BF0-924C7AB94908}"
EndProject
Global
	GlobalSection(SolutionConfigurationPlatforms) = preSolution
		Debug|Any CPU = Debug|Any CPU
		Release|Any CPU = Release|Any CPU
	EndGlobalSection
	GlobalSection(ProjectConfigurationPlatforms) = postSolution
		{E0C1E940-C432-42D1-8BF0-924C7AB94908}.Debug|Any CPU.ActiveCfg = Debug|Any CPU
		{E0C1E940-C432-42D1-8BF0-924C7AB94908}.Debug|Any CPU.Build.0 = Debug|Any CPU
		{E0C1E940-C432-42D1-8BF0-924C7AB94908}.Release|Any CPU.ActiveCfg = Release|Any CPU
		{E0C1E940-C432-42D1-8BF0-924C7AB94908}.Release|Any CPU.Build.0 = Release|Any CPU
	EndGlobalSection
	GlobalSection(SolutionProperties) = preSolution
		HideSolutionNode = FALSE
	EndGlobalSection
	GlobalSection(ExtensibilityGlobals) = postSolution
		SolutionGuid = {A97E5914-08AB-4EED-A020-AECCA1AF324E}
	EndGlobalSection
EndGlobal
